// !$*UTF8*$!
{
	archiveVersion = 1;
	classes = {
	};
	objectVersion = 56;
	objects = {

/* Begin PBXBuildFile section */
		4775F11C29F7909D00E6EA11 /* AppDelegate.swift in Sources */ = {isa = PBXBuildFile; fileRef = 4775F11B29F7909D00E6EA11 /* AppDelegate.swift */; };
		4775F11E29F7909D00E6EA11 /* SceneDelegate.swift in Sources */ = {isa = PBXBuildFile; fileRef = 4775F11D29F7909D00E6EA11 /* SceneDelegate.swift */; };
		4775F12029F7909D00E6EA11 /* ViewController.swift in Sources */ = {isa = PBXBuildFile; fileRef = 4775F11F29F7909D00E6EA11 /* ViewController.swift */; };
		4775F12329F7909D00E6EA11 /* Main.storyboard in Resources */ = {isa = PBXBuildFile; fileRef = 4775F12129F7909D00E6EA11 /* Main.storyboard */; };
		4775F12529F7909E00E6EA11 /* Assets.xcassets in Resources */ = {isa = PBXBuildFile; fileRef = 4775F12429F7909E00E6EA11 /* Assets.xcassets */; };
		4775F12829F7909E00E6EA11 /* LaunchScreen.storyboard in Resources */ = {isa = PBXBuildFile; fileRef = 4775F12629F7909E00E6EA11 /* LaunchScreen.storyboard */; };
		4775F13329F7909F00E6EA11 /* imageRecognazationAPPTests.swift in Sources */ = {isa = PBXBuildFile; fileRef = 4775F13229F7909F00E6EA11 /* imageRecognazationAPPTests.swift */; };
		4775F13D29F7909F00E6EA11 /* imageRecognazationAPPUITests.swift in Sources */ = {isa = PBXBuildFile; fileRef = 4775F13C29F7909F00E6EA11 /* imageRecognazationAPPUITests.swift */; };
		4775F13F29F7909F00E6EA11 /* imageRecognazationAPPUITestsLaunchTests.swift in Sources */ = {isa = PBXBuildFile; fileRef = 4775F13E29F7909F00E6EA11 /* imageRecognazationAPPUITestsLaunchTests.swift */; };
		4775F14C29F7915300E6EA11 /* MobileNetV2.mlmodel in Sources */ = {isa = PBXBuildFile; fileRef = 4775F14B29F7915200E6EA11 /* MobileNetV2.mlmodel */; };
		4775F14E29F7932400E6EA11 /* Extensions.swift in Sources */ = {isa = PBXBuildFile; fileRef = 4775F14D29F7932400E6EA11 /* Extensions.swift */; };
/* End PBXBuildFile section */

/* Begin PBXContainerItemProxy section */
		4775F12F29F7909F00E6EA11 /* PBXContainerItemProxy */ = {
			isa = PBXContainerItemProxy;
			containerPortal = 4775F11029F7909D00E6EA11 /* Project object */;
			proxyType = 1;
			remoteGlobalIDString = 4775F11729F7909D00E6EA11;
			remoteInfo = imageRecognazationAPP;
		};
		4775F13929F7909F00E6EA11 /* PBXContainerItemProxy */ = {
			isa = PBXContainerItemProxy;
			containerPortal = 4775F11029F7909D00E6EA11 /* Project object */;
			proxyType = 1;
			remoteGlobalIDString = 4775F11729F7909D00E6EA11;
			remoteInfo = imageRecognazationAPP;
		};
/* End PBXContainerItemProxy section */

/* Begin PBXFileReference section */
		4775F11829F7909D00E6EA11 /* imageRecognazationAPP.app */ = {isa = PBXFileReference; explicitFileType = wrapper.application; includeInIndex = 0; path = imageRecognazationAPP.app; sourceTree = BUILT_PRODUCTS_DIR; };
		4775F11B29F7909D00E6EA11 /* AppDelegate.swift */ = {isa = PBXFileReference; lastKnownFileType = sourcecode.swift; path = AppDelegate.swift; sourceTree = "<group>"; };
		4775F11D29F7909D00E6EA11 /* SceneDelegate.swift */ = {isa = PBXFileReference; lastKnownFileType = sourcecode.swift; path = SceneDelegate.swift; sourceTree = "<group>"; };
		4775F11F29F7909D00E6EA11 /* ViewController.swift */ = {isa = PBXFileReference; lastKnownFileType = sourcecode.swift; path = ViewController.swift; sourceTree = "<group>"; };
		4775F12229F7909D00E6EA11 /* Base */ = {isa = PBXFileReference; lastKnownFileType = file.storyboard; name = Base; path = Base.lproj/Main.storyboard; sourceTree = "<group>"; };
		4775F12429F7909E00E6EA11 /* Assets.xcassets */ = {isa = PBXFileReference; lastKnownFileType = folder.assetcatalog; path = Assets.xcassets; sourceTree = "<group>"; };
		4775F12729F7909E00E6EA11 /* Base */ = {isa = PBXFileReference; lastKnownFileType = file.storyboard; name = Base; path = Base.lproj/LaunchScreen.storyboard; sourceTree = "<group>"; };
		4775F12929F7909E00E6EA11 /* Info.plist */ = {isa = PBXFileReference; lastKnownFileType = text.plist.xml; path = Info.plist; sourceTree = "<group>"; };
		4775F12E29F7909F00E6EA11 /* imageRecognazationAPPTests.xctest */ = {isa = PBXFileReference; explicitFileType = wrapper.cfbundle; includeInIndex = 0; path = imageRecognazationAPPTests.xctest; sourceTree = BUILT_PRODUCTS_DIR; };
		4775F13229F7909F00E6EA11 /* imageRecognazationAPPTests.swift */ = {isa = PBXFileReference; lastKnownFileType = sourcecode.swift; path = imageRecognazationAPPTests.swift; sourceTree = "<group>"; };
		4775F13829F7909F00E6EA11 /* imageRecognazationAPPUITests.xctest */ = {isa = PBXFileReference; explicitFileType = wrapper.cfbundle; includeInIndex = 0; path = imageRecognazationAPPUITests.xctest; sourceTree = BUILT_PRODUCTS_DIR; };
		4775F13C29F7909F00E6EA11 /* imageRecognazationAPPUITests.swift */ = {isa = PBXFileReference; lastKnownFileType = sourcecode.swift; path = imageRecognazationAPPUITests.swift; sourceTree = "<group>"; };
		4775F13E29F7909F00E6EA11 /* imageRecognazationAPPUITestsLaunchTests.swift */ = {isa = PBXFileReference; lastKnownFileType = sourcecode.swift; path = imageRecognazationAPPUITestsLaunchTests.swift; sourceTree = "<group>"; };
		4775F14B29F7915200E6EA11 /* MobileNetV2.mlmodel */ = {isa = PBXFileReference; lastKnownFileType = file.mlmodel; path = MobileNetV2.mlmodel; sourceTree = "<group>"; };
		4775F14D29F7932400E6EA11 /* Extensions.swift */ = {isa = PBXFileReference; lastKnownFileType = sourcecode.swift; path = Extensions.swift; sourceTree = "<group>"; };
/* End PBXFileReference section */

/* Begin PBXFrameworksBuildPhase section */
		4775F11529F7909D00E6EA11 /* Frameworks */ = {
			isa = PBXFrameworksBuildPhase;
			buildActionMask = 2147483647;
			files = (
			);
			runOnlyForDeploymentPostprocessing = 0;
		};
		4775F12B29F7909F00E6EA11 /* Frameworks */ = {
			isa = PBXFrameworksBuildPhase;
			buildActionMask = 2147483647;
			files = (
			);
			runOnlyForDeploymentPostprocessing = 0;
		};
		4775F13529F7909F00E6EA11 /* Frameworks */ = {
			isa = PBXFrameworksBuildPhase;
			buildActionMask = 2147483647;
			files = (
			);
			runOnlyForDeploymentPostprocessing = 0;
		};
/* End PBXFrameworksBuildPhase section */

/* Begin PBXGroup section */
		4775F10F29F7909D00E6EA11 = {
			isa = PBXGroup;
			children = (
				4775F11A29F7909D00E6EA11 /* imageRecognazationAPP */,
				4775F13129F7909F00E6EA11 /* imageRecognazationAPPTests */,
				4775F13B29F7909F00E6EA11 /* imageRecognazationAPPUITests */,
				4775F11929F7909D00E6EA11 /* Products */,
			);
			sourceTree = "<group>";
		};
		4775F11929F7909D00E6EA11 /* Products */ = {
			isa = PBXGroup;
			children = (
				4775F11829F7909D00E6EA11 /* imageRecognazationAPP.app */,
				4775F12E29F7909F00E6EA11 /* imageRecognazationAPPTests.xctest */,
				4775F13829F7909F00E6EA11 /* imageRecognazationAPPUITests.xctest */,
			);
			name = Products;
			sourceTree = "<group>";
		};
		4775F11A29F7909D00E6EA11 /* imageRecognazationAPP */ = {
			isa = PBXGroup;
			children = (
				4775F14B29F7915200E6EA11 /* MobileNetV2.mlmodel */,
				4775F11B29F7909D00E6EA11 /* AppDelegate.swift */,
				4775F11D29F7909D00E6EA11 /* SceneDelegate.swift */,
				4775F11F29F7909D00E6EA11 /* ViewController.swift */,
				4775F12129F7909D00E6EA11 /* Main.storyboard */,
				4775F12429F7909E00E6EA11 /* Assets.xcassets */,
				4775F12629F7909E00E6EA11 /* LaunchScreen.storyboard */,
				4775F12929F7909E00E6EA11 /* Info.plist */,
				4775F14D29F7932400E6EA11 /* Extensions.swift */,
			);
			path = imageRecognazationAPP;
			sourceTree = "<group>";
		};
		4775F13129F7909F00E6EA11 /* imageRecognazationAPPTests */ = {
			isa = PBXGroup;
			children = (
				4775F13229F7909F00E6EA11 /* imageRecognazationAPPTests.swift */,
			);
			path = imageRecognazationAPPTests;
			sourceTree = "<group>";
		};
		4775F13B29F7909F00E6EA11 /* imageRecognazationAPPUITests */ = {
			isa = PBXGroup;
			children = (
				4775F13C29F7909F00E6EA11 /* imageRecognazationAPPUITests.swift */,
				4775F13E29F7909F00E6EA11 /* imageRecognazationAPPUITestsLaunchTests.swift */,
			);
			path = imageRecognazationAPPUITests;
			sourceTree = "<group>";
		};
/* End PBXGroup section */

/* Begin PBXNativeTarget section */
		4775F11729F7909D00E6EA11 /* imageRecognazationAPP */ = {
			isa = PBXNativeTarget;
			buildConfigurationList = 4775F14229F7909F00E6EA11 /* Build configuration list for PBXNativeTarget "imageRecognazationAPP" */;
			buildPhases = (
				4775F11429F7909D00E6EA11 /* Sources */,
				4775F11529F7909D00E6EA11 /* Frameworks */,
				4775F11629F7909D00E6EA11 /* Resources */,
			);
			buildRules = (
			);
			dependencies = (
			);
			name = imageRecognazationAPP;
			productName = imageRecognazationAPP;
			productReference = 4775F11829F7909D00E6EA11 /* imageRecognazationAPP.app */;
			productType = "com.apple.product-type.application";
		};
		4775F12D29F7909F00E6EA11 /* imageRecognazationAPPTests */ = {
			isa = PBXNativeTarget;
			buildConfigurationList = 4775F14529F7909F00E6EA11 /* Build configuration list for PBXNativeTarget "imageRecognazationAPPTests" */;
			buildPhases = (
				4775F12A29F7909F00E6EA11 /* Sources */,
				4775F12B29F7909F00E6EA11 /* Frameworks */,
				4775F12C29F7909F00E6EA11 /* Resources */,
			);
			buildRules = (
			);
			dependencies = (
				4775F13029F7909F00E6EA11 /* PBXTargetDependency */,
			);
			name = imageRecognazationAPPTests;
			productName = imageRecognazationAPPTests;
			productReference = 4775F12E29F7909F00E6EA11 /* imageRecognazationAPPTests.xctest */;
			productType = "com.apple.product-type.bundle.unit-test";
		};
		4775F13729F7909F00E6EA11 /* imageRecognazationAPPUITests */ = {
			isa = PBXNativeTarget;
			buildConfigurationList = 4775F14829F7909F00E6EA11 /* Build configuration list for PBXNativeTarget "imageRecognazationAPPUITests" */;
			buildPhases = (
				4775F13429F7909F00E6EA11 /* Sources */,
				4775F13529F7909F00E6EA11 /* Frameworks */,
				4775F13629F7909F00E6EA11 /* Resources */,
			);
			buildRules = (
			);
			dependencies = (
				4775F13A29F7909F00E6EA11 /* PBXTargetDependency */,
			);
			name = imageRecognazationAPPUITests;
			productName = imageRecognazationAPPUITests;
			productReference = 4775F13829F7909F00E6EA11 /* imageRecognazationAPPUITests.xctest */;
			productType = "com.apple.product-type.bundle.ui-testing";
		};
/* End PBXNativeTarget section */

/* Begin PBXProject section */
		4775F11029F7909D00E6EA11 /* Project object */ = {
			isa = PBXProject;
			attributes = {
				BuildIndependentTargetsInParallel = 1;
				LastSwiftUpdateCheck = 1420;
				LastUpgradeCheck = 1420;
				TargetAttributes = {
					4775F11729F7909D00E6EA11 = {
						CreatedOnToolsVersion = 14.2;
					};
					4775F12D29F7909F00E6EA11 = {
						CreatedOnToolsVersion = 14.2;
						TestTargetID = 4775F11729F7909D00E6EA11;
					};
					4775F13729F7909F00E6EA11 = {
						CreatedOnToolsVersion = 14.2;
						TestTargetID = 4775F11729F7909D00E6EA11;
					};
				};
			};
			buildConfigurationList = 4775F11329F7909D00E6EA11 /* Build configuration list for PBXProject "imageRecognazationAPP" */;
			compatibilityVersion = "Xcode 14.0";
			developmentRegion = en;
			hasScannedForEncodings = 0;
			knownRegions = (
				en,
				Base,
			);
			mainGroup = 4775F10F29F7909D00E6EA11;
			productRefGroup = 4775F11929F7909D00E6EA11 /* Products */;
			projectDirPath = "";
			projectRoot = "";
			targets = (
				4775F11729F7909D00E6EA11 /* imageRecognazationAPP */,
				4775F12D29F7909F00E6EA11 /* imageRecognazationAPPTests */,
				4775F13729F7909F00E6EA11 /* imageRecognazationAPPUITests */,
			);
		};
/* End PBXProject section */

/* Begin PBXResourcesBuildPhase section */
		4775F11629F7909D00E6EA11 /* Resources */ = {
			isa = PBXResourcesBuildPhase;
			buildActionMask = 2147483647;
			files = (
				4775F12829F7909E00E6EA11 /* LaunchScreen.storyboard in Resources */,
				4775F12529F7909E00E6EA11 /* Assets.xcassets in Resources */,
				4775F12329F7909D00E6EA11 /* Main.storyboard in Resources */,
			);
			runOnlyForDeploymentPostprocessing = 0;
		};
		4775F12C29F7909F00E6EA11 /* Resources */ = {
			isa = PBXResourcesBuildPhase;
			buildActionMask = 2147483647;
			files = (
			);
			runOnlyForDeploymentPostprocessing = 0;
		};
		4775F13629F7909F00E6EA11 /* Resources */ = {
			isa = PBXResourcesBuildPhase;
			buildActionMask = 2147483647;
			files = (
			);
			runOnlyForDeploymentPostprocessing = 0;
		};
/* End PBXResourcesBuildPhase section */

/* Begin PBXSourcesBuildPhase section */
		4775F11429F7909D00E6EA11 /* Sources */ = {
			isa = PBXSourcesBuildPhase;
			buildActionMask = 2147483647;
			files = (
				4775F14E29F7932400E6EA11 /* Extensions.swift in Sources */,
				4775F12029F7909D00E6EA11 /* ViewController.swift in Sources */,
				4775F11C29F7909D00E6EA11 /* AppDelegate.swift in Sources */,
				4775F14C29F7915300E6EA11 /* MobileNetV2.mlmodel in Sources */,
				4775F11E29F7909D00E6EA11 /* SceneDelegate.swift in Sources */,
			);
			runOnlyForDeploymentPostprocessing = 0;
		};
		4775F12A29F7909F00E6EA11 /* Sources */ = {
			isa = PBXSourcesBuildPhase;
			buildActionMask = 2147483647;
			files = (
				4775F13329F7909F00E6EA11 /* imageRecognazationAPPTests.swift in Sources */,
			);
			runOnlyForDeploymentPostprocessing = 0;
		};
		4775F13429F7909F00E6EA11 /* Sources */ = {
			isa = PBXSourcesBuildPhase;
			buildActionMask = 2147483647;
			files = (
				4775F13D29F7909F00E6EA11 /* imageRecognazationAPPUITests.swift in Sources */,
				4775F13F29F7909F00E6EA11 /* imageRecognazationAPPUITestsLaunchTests.swift in Sources */,
			);
			runOnlyForDeploymentPostprocessing = 0;
		};
/* End PBXSourcesBuildPhase section */

/* Begin PBXTargetDependency section */
		4775F13029F7909F00E6EA11 /* PBXTargetDependency */ = {
			isa = PBXTargetDependency;
			target = 4775F11729F7909D00E6EA11 /* imageRecognazationAPP */;
			targetProxy = 4775F12F29F7909F00E6EA11 /* PBXContainerItemProxy */;
		};
		4775F13A29F7909F00E6EA11 /* PBXTargetDependency */ = {
			isa = PBXTargetDependency;
			target = 4775F11729F7909D00E6EA11 /* imageRecognazationAPP */;
			targetProxy = 4775F13929F7909F00E6EA11 /* PBXContainerItemProxy */;
		};
/* End PBXTargetDependency section */

/* Begin PBXVariantGroup section */
		4775F12129F7909D00E6EA11 /* Main.storyboard */ = {
			isa = PBXVariantGroup;
			children = (
				4775F12229F7909D00E6EA11 /* Base */,
			);
			name = Main.storyboard;
			sourceTree = "<group>";
		};
		4775F12629F7909E00E6EA11 /* LaunchScreen.storyboard */ = {
			isa = PBXVariantGroup;
			children = (
				4775F12729F7909E00E6EA11 /* Base */,
			);
			name = LaunchScreen.storyboard;
			sourceTree = "<group>";
		};
/* End PBXVariantGroup section */

/* Begin XCBuildConfiguration section */
		4775F14029F7909F00E6EA11 /* Debug */ = {
			isa = XCBuildConfiguration;
			buildSettings = {
				ALWAYS_SEARCH_USER_PATHS = NO;
				CLANG_ANALYZER_NONNULL = YES;
				CLANG_ANALYZER_NUMBER_OBJECT_CONVERSION = YES_AGGRESSIVE;
				CLANG_CXX_LANGUAGE_STANDARD = "gnu++20";
				CLANG_ENABLE_MODULES = YES;
				CLANG_ENABLE_OBJC_ARC = YES;
				CLANG_ENABLE_OBJC_WEAK = YES;
				CLANG_WARN_BLOCK_CAPTURE_AUTORELEASING = YES;
				CLANG_WARN_BOOL_CONVERSION = YES;
				CLANG_WARN_COMMA = YES;
				CLANG_WARN_CONSTANT_CONVERSION = YES;
				CLANG_WARN_DEPRECATED_OBJC_IMPLEMENTATIONS = YES;
				CLANG_WARN_DIRECT_OBJC_ISA_USAGE = YES_ERROR;
				CLANG_WARN_DOCUMENTATION_COMMENTS = YES;
				CLANG_WARN_EMPTY_BODY = YES;
				CLANG_WARN_ENUM_CONVERSION = YES;
				CLANG_WARN_INFINITE_RECURSION = YES;
				CLANG_WARN_INT_CONVERSION = YES;
				CLANG_WARN_NON_LITERAL_NULL_CONVERSION = YES;
				CLANG_WARN_OBJC_IMPLICIT_RETAIN_SELF = YES;
				CLANG_WARN_OBJC_LITERAL_CONVERSION = YES;
				CLANG_WARN_OBJC_ROOT_CLASS = YES_ERROR;
				CLANG_WARN_QUOTED_INCLUDE_IN_FRAMEWORK_HEADER = YES;
				CLANG_WARN_RANGE_LOOP_ANALYSIS = YES;
				CLANG_WARN_STRICT_PROTOTYPES = YES;
				CLANG_WARN_SUSPICIOUS_MOVE = YES;
				CLANG_WARN_UNGUARDED_AVAILABILITY = YES_AGGRESSIVE;
				CLANG_WARN_UNREACHABLE_CODE = YES;
				CLANG_WARN__DUPLICATE_METHOD_MATCH = YES;
				COPY_PHASE_STRIP = NO;
				DEBUG_INFORMATION_FORMAT = dwarf;
				ENABLE_STRICT_OBJC_MSGSEND = YES;
				ENABLE_TESTABILITY = YES;
				GCC_C_LANGUAGE_STANDARD = gnu11;
				GCC_DYNAMIC_NO_PIC = NO;
				GCC_NO_COMMON_BLOCKS = YES;
				GCC_OPTIMIZATION_LEVEL = 0;
				GCC_PREPROCESSOR_DEFINITIONS = (
					"DEBUG=1",
					"$(inherited)",
				);
				GCC_WARN_64_TO_32_BIT_CONVERSION = YES;
				GCC_WARN_ABOUT_RETURN_TYPE = YES_ERROR;
				GCC_WARN_UNDECLARED_SELECTOR = YES;
				GCC_WARN_UNINITIALIZED_AUTOS = YES_AGGRESSIVE;
				GCC_WARN_UNUSED_FUNCTION = YES;
				GCC_WARN_UNUSED_VARIABLE = YES;
				IPHONEOS_DEPLOYMENT_TARGET = 16.2;
				MTL_ENABLE_DEBUG_INFO = INCLUDE_SOURCE;
				MTL_FAST_MATH = YES;
				ONLY_ACTIVE_ARCH = YES;
				SDKROOT = iphoneos;
				SWIFT_ACTIVE_COMPILATION_CONDITIONS = DEBUG;
				SWIFT_OPTIMIZATION_LEVEL = "-Onone";
			};
			name = Debug;
		};
		4775F14129F7909F00E6EA11 /* Release */ = {
			isa = XCBuildConfiguration;
			buildSettings = {
				ALWAYS_SEARCH_USER_PATHS = NO;
				CLANG_ANALYZER_NONNULL = YES;
				CLANG_ANALYZER_NUMBER_OBJECT_CONVERSION = YES_AGGRESSIVE;
				CLANG_CXX_LANGUAGE_STANDARD = "gnu++20";
				CLANG_ENABLE_MODULES = YES;
				CLANG_ENABLE_OBJC_ARC = YES;
				CLANG_ENABLE_OBJC_WEAK = YES;
				CLANG_WARN_BLOCK_CAPTURE_AUTORELEASING = YES;
				CLANG_WARN_BOOL_CONVERSION = YES;
				CLANG_WARN_COMMA = YES;
				CLANG_WARN_CONSTANT_CONVERSION = YES;
				CLANG_WARN_DEPRECATED_OBJC_IMPLEMENTATIONS = YES;
				CLANG_WARN_DIRECT_OBJC_ISA_USAGE = YES_ERROR;
				CLANG_WARN_DOCUMENTATION_COMMENTS = YES;
				CLANG_WARN_EMPTY_BODY = YES;
				CLANG_WARN_ENUM_CONVERSION = YES;
				CLANG_WARN_INFINITE_RECURSION = YES;
				CLANG_WARN_INT_CONVERSION = YES;
				CLANG_WARN_NON_LITERAL_NULL_CONVERSION = YES;
				CLANG_WARN_OBJC_IMPLICIT_RETAIN_SELF = YES;
				CLANG_WARN_OBJC_LITERAL_CONVERSION = YES;
				CLANG_WARN_OBJC_ROOT_CLASS = YES_ERROR;
				CLANG_WARN_QUOTED_INCLUDE_IN_FRAMEWORK_HEADER = YES;
				CLANG_WARN_RANGE_LOOP_ANALYSIS = YES;
				CLANG_WARN_STRICT_PROTOTYPES = YES;
				CLANG_WARN_SUSPICIOUS_MOVE = YES;
				CLANG_WARN_UNGUARDED_AVAILABILITY = YES_AGGRESSIVE;
				CLANG_WARN_UNREACHABLE_CODE = YES;
				CLANG_WARN__DUPLICATE_METHOD_MATCH = YES;
				COPY_PHASE_STRIP = NO;
				DEBUG_INFORMATION_FORMAT = "dwarf-with-dsym";
				ENABLE_NS_ASSERTIONS = NO;
				ENABLE_STRICT_OBJC_MSGSEND = YES;
				GCC_C_LANGUAGE_STANDARD = gnu11;
				GCC_NO_COMMON_BLOCKS = YES;
				GCC_WARN_64_TO_32_BIT_CONVERSION = YES;
				GCC_WARN_ABOUT_RETURN_TYPE = YES_ERROR;
				GCC_WARN_UNDECLARED_SELECTOR = YES;
				GCC_WARN_UNINITIALIZED_AUTOS = YES_AGGRESSIVE;
				GCC_WARN_UNUSED_FUNCTION = YES;
				GCC_WARN_UNUSED_VARIABLE = YES;
				IPHONEOS_DEPLOYMENT_TARGET = 16.2;
				MTL_ENABLE_DEBUG_INFO = NO;
				MTL_FAST_MATH = YES;
				SDKROOT = iphoneos;
				SWIFT_COMPILATION_MODE = wholemodule;
				SWIFT_OPTIMIZATION_LEVEL = "-O";
				VALIDATE_PRODUCT = YES;
			};
			name = Release;
		};
		4775F14329F7909F00E6EA11 /* Debug */ = {
			isa = XCBuildConfiguration;
			buildSettings = {
				ASSETCATALOG_COMPILER_APPICON_NAME = AppIcon;
				ASSETCATALOG_COMPILER_GLOBAL_ACCENT_COLOR_NAME = AccentColor;
				CODE_SIGN_STYLE = Automatic;
				CURRENT_PROJECT_VERSION = 1;
				GENERATE_INFOPLIST_FILE = YES;
				INFOPLIST_FILE = imageRecognazationAPP/Info.plist;
				INFOPLIST_KEY_UIApplicationSupportsIndirectInputEvents = YES;
				INFOPLIST_KEY_UILaunchStoryboardName = LaunchScreen;
				INFOPLIST_KEY_UIMainStoryboardFile = Main;
				INFOPLIST_KEY_UISupportedInterfaceOrientations_iPad = "UIInterfaceOrientationPortrait UIInterfaceOrientationPortraitUpsideDown UIInterfaceOrientationLandscapeLeft UIInterfaceOrientationLandscapeRight";
				INFOPLIST_KEY_UISupportedInterfaceOrientations_iPhone = "UIInterfaceOrientationPortrait UIInterfaceOrientationLandscapeLeft UIInterfaceOrientationLandscapeRight";
				LD_RUNPATH_SEARCH_PATHS = (
					"$(inherited)",
					"@executable_path/Frameworks",
				);
				MARKETING_VERSION = 1.0;
				PRODUCT_BUNDLE_IDENTIFIER = rocio.imageRecognazationAPP;
				PRODUCT_NAME = "$(TARGET_NAME)";
				SWIFT_EMIT_LOC_STRINGS = YES;
				SWIFT_VERSION = 5.0;
				TARGETED_DEVICE_FAMILY = "1,2";
			};
			name = Debug;
		};
		4775F14429F7909F00E6EA11 /* Release */ = {
			isa = XCBuildConfiguration;
			buildSettings = {
				ASSETCATALOG_COMPILER_APPICON_NAME = AppIcon;
				ASSETCATALOG_COMPILER_GLOBAL_ACCENT_COLOR_NAME = AccentColor;
				CODE_SIGN_STYLE = Automatic;
				CURRENT_PROJECT_VERSION = 1;
				GENERATE_INFOPLIST_FILE = YES;
				INFOPLIST_FILE = imageRecognazationAPP/Info.plist;
				INFOPLIST_KEY_UIApplicationSupportsIndirectInputEvents = YES;
				INFOPLIST_KEY_UILaunchStoryboardName = LaunchScreen;
				INFOPLIST_KEY_UIMainStoryboardFile = Main;
				INFOPLIST_KEY_UISupportedInterfaceOrientations_iPad = "UIInterfaceOrientationPortrait UIInterfaceOrientationPortraitUpsideDown UIInterfaceOrientationLandscapeLeft UIInterfaceOrientationLandscapeRight";
				INFOPLIST_KEY_UISupportedInterfaceOrientations_iPhone = "UIInterfaceOrientationPortrait UIInterfaceOrientationLandscapeLeft UIInterfaceOrientationLandscapeRight";
				LD_RUNPATH_SEARCH_PATHS = (
					"$(inherited)",
					"@executable_path/Frameworks",
				);
				MARKETING_VERSION = 1.0;
				PRODUCT_BUNDLE_IDENTIFIER = rocio.imageRecognazationAPP;
				PRODUCT_NAME = "$(TARGET_NAME)";
				SWIFT_EMIT_LOC_STRINGS = YES;
				SWIFT_VERSION = 5.0;
				TARGETED_DEVICE_FAMILY = "1,2";
			};
			name = Release;
		};
		4775F14629F7909F00E6EA11 /* Debug */ = {
			isa = XCBuildConfiguration;
			buildSettings = {
				ALWAYS_EMBED_SWIFT_STANDARD_LIBRARIES = YES;
				BUNDLE_LOADER = "$(TEST_HOST)";
				CODE_SIGN_STYLE = Automatic;
				CURRENT_PROJECT_VERSION = 1;
				GENERATE_INFOPLIST_FILE = YES;
				IPHONEOS_DEPLOYMENT_TARGET = 16.2;
				MARKETING_VERSION = 1.0;
				PRODUCT_BUNDLE_IDENTIFIER = rocio.imageRecognazationAPPTests;
				PRODUCT_NAME = "$(TARGET_NAME)";
				SWIFT_EMIT_LOC_STRINGS = NO;
				SWIFT_VERSION = 5.0;
				TARGETED_DEVICE_FAMILY = "1,2";
				TEST_HOST = "$(BUILT_PRODUCTS_DIR)/imageRecognazationAPP.app/$(BUNDLE_EXECUTABLE_FOLDER_PATH)/imageRecognazationAPP";
			};
			name = Debug;
		};
		4775F14729F7909F00E6EA11 /* Release */ = {
			isa = XCBuildConfiguration;
			buildSettings = {
				ALWAYS_EMBED_SWIFT_STANDARD_LIBRARIES = YES;
				BUNDLE_LOADER = "$(TEST_HOST)";
				CODE_SIGN_STYLE = Automatic;
				CURRENT_PROJECT_VERSION = 1;
				GENERATE_INFOPLIST_FILE = YES;
				IPHONEOS_DEPLOYMENT_TARGET = 16.2;
				MARKETING_VERSION = 1.0;
				PRODUCT_BUNDLE_IDENTIFIER = rocio.imageRecognazationAPPTests;
				PRODUCT_NAME = "$(TARGET_NAME)";
				SWIFT_EMIT_LOC_STRINGS = NO;
				SWIFT_VERSION = 5.0;
				TARGETED_DEVICE_FAMILY = "1,2";
				TEST_HOST = "$(BUILT_PRODUCTS_DIR)/imageRecognazationAPP.app/$(BUNDLE_EXECUTABLE_FOLDER_PATH)/imageRecognazationAPP";
			};
			name = Release;
		};
		4775F14929F7909F00E6EA11 /* Debug */ = {
			isa = XCBuildConfiguration;
			buildSettings = {
				ALWAYS_EMBED_SWIFT_STANDARD_LIBRARIES = YES;
				CODE_SIGN_STYLE = Automatic;
				CURRENT_PROJECT_VERSION = 1;
				GENERATE_INFOPLIST_FILE = YES;
				MARKETING_VERSION = 1.0;
				PRODUCT_BUNDLE_IDENTIFIER = rocio.imageRecognazationAPPUITests;
				PRODUCT_NAME = "$(TARGET_NAME)";
				SWIFT_EMIT_LOC_STRINGS = NO;
				SWIFT_VERSION = 5.0;
				TARGETED_DEVICE_FAMILY = "1,2";
				TEST_TARGET_NAME = imageRecognazationAPP;
			};
			name = Debug;
		};
		4775F14A29F7909F00E6EA11 /* Release */ = {
			isa = XCBuildConfiguration;
			buildSettings = {
				ALWAYS_EMBED_SWIFT_STANDARD_LIBRARIES = YES;
				CODE_SIGN_STYLE = Automatic;
				CURRENT_PROJECT_VERSION = 1;
				GENERATE_INFOPLIST_FILE = YES;
				MARKETING_VERSION = 1.0;
				PRODUCT_BUNDLE_IDENTIFIER = rocio.imageRecognazationAPPUITests;
				PRODUCT_NAME = "$(TARGET_NAME)";
				SWIFT_EMIT_LOC_STRINGS = NO;
				SWIFT_VERSION = 5.0;
				TARGETED_DEVICE_FAMILY = "1,2";
				TEST_TARGET_NAME = imageRecognazationAPP;
			};
			name = Release;
		};
/* End XCBuildConfiguration section */

/* Begin XCConfigurationList section */
		4775F11329F7909D00E6EA11 /* Build configuration list for PBXProject "imageRecognazationAPP" */ = {
			isa = XCConfigurationList;
			buildConfigurations = (
				4775F14029F7909F00E6EA11 /* Debug */,
				4775F14129F7909F00E6EA11 /* Release */,
			);
			defaultConfigurationIsVisible = 0;
			defaultConfigurationName = Release;
		};
		4775F14229F7909F00E6EA11 /* Build configuration list for PBXNativeTarget "imageRecognazationAPP" */ = {
			isa = XCConfigurationList;
			buildConfigurations = (
				4775F14329F7909F00E6EA11 /* Debug */,
				4775F14429F7909F00E6EA11 /* Release */,
			);
			defaultConfigurationIsVisible = 0;
			defaultConfigurationName = Release;
		};
		4775F14529F7909F00E6EA11 /* Build configuration list for PBXNativeTarget "imageRecognazationAPPTests" */ = {
			isa = XCConfigurationList;
			buildConfigurations = (
				4775F14629F7909F00E6EA11 /* Debug */,
				4775F14729F7909F00E6EA11 /* Release */,
			);
			defaultConfigurationIsVisible = 0;
			defaultConfigurationName = Release;
		};
		4775F14829F7909F00E6EA11 /* Build configuration list for PBXNativeTarget "imageRecognazationAPPUITests" */ = {
			isa = XCConfigurationList;
			buildConfigurations = (
				4775F14929F7909F00E6EA11 /* Debug */,
				4775F14A29F7909F00E6EA11 /* Release */,
			);
			defaultConfigurationIsVisible = 0;
			defaultConfigurationName = Release;
		};
/* End XCConfigurationList section */
	};
	rootObject = 4775F11029F7909D00E6EA11 /* Project object */;
}
